Microsoft Visual Studio Solution File, Format Version 9.00
# Visual C++ Express 2005
Project("{8BC9CEB8-8B4A-11D0-8D11-00A0C91BC942}") = "ClpExamplesMinimum", "ClpExamplesMinimum\ClpExamplesMinimum.vcproj", "{C23C220A-5EF9-4C87-93E9-31472E684D6A}"
	ProjectSection(ProjectDependencies) = postProject
		{C4867F15-438D-4FF8-8388-62FBAAA9786C} = {C4867F15-438D-4FF8-8388-62FBAAA9786C}
		{4F8F7D1C-3A9E-444D-8EE9-77F33FA05994} = {4F8F7D1C-3A9E-444D-8EE9-77F33FA05994}
	EndProjectSection
EndProject
Project("{8BC9CEB8-8B4A-11D0-8D11-00A0C91BC942}") = "ClpExamplesTestBarrier", "ClpExamplesTestBarrier\ClpExamplesTestBarrier.vcproj", "{F6DD73C8-6714-414E-9A98-D51F6D6AD9B4}"
	ProjectSection(ProjectDependencies) = postProject
		{4F8F7D1C-3A9E-444D-8EE9-77F33FA05994} = {4F8F7D1C-3A9E-444D-8EE9-77F33FA05994}
		{C4867F15-438D-4FF8-8388-62FBAAA9786C} = {C4867F15-438D-4FF8-8388-62FBAAA9786C}
	EndProjectSection
EndProject
Project("{8BC9CEB8-8B4A-11D0-8D11-00A0C91BC942}") = "ClpExamplesTestQP", "ClpExamplesTestQP\ClpExamplesTestQP.vcproj", "{E7EA8BD6-D2AA-40F0-9F0E-42A339DCF613}"
	ProjectSection(ProjectDependencies) = postProject
		{4F8F7D1C-3A9E-444D-8EE9-77F33FA05994} = {4F8F7D1C-3A9E-444D-8EE9-77F33FA05994}
		{C4867F15-438D-4FF8-8388-62FBAAA9786C} = {C4867F15-438D-4FF8-8388-62FBAAA9786C}
	EndProjectSection
EndProject
Project("{8BC9CEB8-8B4A-11D0-8D11-00A0C91BC942}") = "clp", "clp\clp.vcproj", "{0E9135A7-CB30-48D9-A83D-0F49EC3B601B}"
	ProjectSection(ProjectDependencies) = postProject
		{C4867F15-438D-4FF8-8388-62FBAAA9786C} = {C4867F15-438D-4FF8-8388-62FBAAA9786C}
		{4F8F7D1C-3A9E-444D-8EE9-77F33FA05994} = {4F8F7D1C-3A9E-444D-8EE9-77F33FA05994}
	EndProjectSection
EndProject
Project("{8BC9CEB8-8B4A-11D0-8D11-00A0C91BC942}") = "libClp", "libClp\libClp.vcproj", "{4F8F7D1C-3A9E-444D-8EE9-77F33FA05994}"
EndProject
Project("{8BC9CEB8-8B4A-11D0-8D11-00A0C91BC942}") = "libCoinUtils", "..\..\..\CoinUtils\MSVisualStudio\v8\libCoinUtils\libCoinUtils.vcproj", "{C4867F15-438D-4FF8-8388-62FBAAA9786C}"
EndProject
Project("{8BC9CEB8-8B4A-11D0-8D11-00A0C91BC942}") = "unitTestCoinUtils", "..\..\..\CoinUtils\MSVisualStudio\v8\unitTestCoinUtils\unitTestCoinUtils.vcproj", "{D8879B84-4497-48E6-96A5-49B154FB0422}"
	ProjectSection(ProjectDependencies) = postProject
		{C4867F15-438D-4FF8-8388-62FBAAA9786C} = {C4867F15-438D-4FF8-8388-62FBAAA9786C}
	EndProjectSection
EndProject
Global
	GlobalSection(SolutionConfigurationPlatforms) = preSolution
		Debug|Win32 = Debug|Win32
		Release|Win32 = Release|Win32
	EndGlobalSection
	GlobalSection(ProjectConfigurationPlatforms) = postSolution
		{C23C220A-5EF9-4C87-93E9-31472E684D6A}.Debug|Win32.ActiveCfg = Debug|Win32
		{C23C220A-5EF9-4C87-93E9-31472E684D6A}.Debug|Win32.Build.0 = Debug|Win32
		{C23C220A-5EF9-4C87-93E9-31472E684D6A}.Release|Win32.ActiveCfg = Release|Win32
		{C23C220A-5EF9-4C87-93E9-31472E684D6A}.Release|Win32.Build.0 = Release|Win32
		{F6DD73C8-6714-414E-9A98-D51F6D6AD9B4}.Debug|Win32.ActiveCfg = Debug|Win32
		{F6DD73C8-6714-414E-9A98-D51F6D6AD9B4}.Debug|Win32.Build.0 = Debug|Win32
		{F6DD73C8-6714-414E-9A98-D51F6D6AD9B4}.Release|Win32.ActiveCfg = Release|Win32
		{F6DD73C8-6714-414E-9A98-D51F6D6AD9B4}.Release|Win32.Build.0 = Release|Win32
		{E7EA8BD6-D2AA-40F0-9F0E-42A339DCF613}.Debug|Win32.ActiveCfg = Debug|Win32
		{E7EA8BD6-D2AA-40F0-9F0E-42A339DCF613}.Debug|Win32.Build.0 = Debug|Win32
		{E7EA8BD6-D2AA-40F0-9F0E-42A339DCF613}.Release|Win32.ActiveCfg = Release|Win32
		{E7EA8BD6-D2AA-40F0-9F0E-42A339DCF613}.Release|Win32.Build.0 = Release|Win32
		{0E9135A7-CB30-48D9-A83D-0F49EC3B601B}.Debug|Win32.ActiveCfg = Debug|Win32
		{0E9135A7-CB30-48D9-A83D-0F49EC3B601B}.Debug|Win32.Build.0 = Debug|Win32
		{0E9135A7-CB30-48D9-A83D-0F49EC3B601B}.Release|Win32.ActiveCfg = Release|Win32
		{0E9135A7-CB30-48D9-A83D-0F49EC3B601B}.Release|Win32.Build.0 = Release|Win32
		{4F8F7D1C-3A9E-444D-8EE9-77F33FA05994}.Debug|Win32.ActiveCfg = Debug|Win32
		{4F8F7D1C-3A9E-444D-8EE9-77F33FA05994}.Debug|Win32.Build.0 = Debug|Win32
		{4F8F7D1C-3A9E-444D-8EE9-77F33FA05994}.Release|Win32.ActiveCfg = Release|Win32
		{4F8F7D1C-3A9E-444D-8EE9-77F33FA05994}.Release|Win32.Build.0 = Release|Win32
		{C4867F15-438D-4FF8-8388-62FBAAA9786C}.Debug|Win32.ActiveCfg = Debug|Win32
		{C4867F15-438D-4FF8-8388-62FBAAA9786C}.Debug|Win32.Build.0 = Debug|Win32
		{C4867F15-438D-4FF8-8388-62FBAAA9786C}.Release|Win32.ActiveCfg = Release|Win32
		{C4867F15-438D-4FF8-8388-62FBAAA9786C}.Release|Win32.Build.0 = Release|Win32
		{D8879B84-4497-48E6-96A5-49B154FB0422}.Debug|Win32.ActiveCfg = Debug|Win32
		{D8879B84-4497-48E6-96A5-49B154FB0422}.Debug|Win32.Build.0 = Debug|Win32
		{D8879B84-4497-48E6-96A5-49B154FB0422}.Release|Win32.ActiveCfg = Release|Win32
		{D8879B84-4497-48E6-96A5-49B154FB0422}.Release|Win32.Build.0 = Release|Win32
	EndGlobalSection
	GlobalSection(SolutionProperties) = preSolution
		HideSolutionNode = FALSE
	EndGlobalSection
EndGlobal
