Microsoft Visual Studio Solution File, Format Version 9.00
# Visual C++ Express 2005
Project("{8BC9CEB8-8B4A-11D0-8D11-00A0C91BC942}") = "ClpExamplesMinimum", "ClpExamplesMinimum\ClpExamplesMinimum.vcproj", "{C23C220A-5EF9-4C87-93E9-31472E684D6A}"
	ProjectSection(ProjectDependencies) = postProject
		{2022D92D-229B-4F4F-A2DC-E482113D6013} = {2022D92D-229B-4F4F-A2DC-E482113D6013}
		{EFC5E42E-0FEF-49F6-824F-D7201E9FED6E} = {EFC5E42E-0FEF-49F6-824F-D7201E9FED6E}
	EndProjectSection
EndProject
Project("{8BC9CEB8-8B4A-11D0-8D11-00A0C91BC942}") = "ClpExamplesTestBarrier", "ClpExamplesTestBarrier\ClpExamplesTestBarrier.vcproj", "{F6DD73C8-6714-414E-9A98-D51F6D6AD9B4}"
	ProjectSection(ProjectDependencies) = postProject
		{2022D92D-229B-4F4F-A2DC-E482113D6013} = {2022D92D-229B-4F4F-A2DC-E482113D6013}
		{EFC5E42E-0FEF-49F6-824F-D7201E9FED6E} = {EFC5E42E-0FEF-49F6-824F-D7201E9FED6E}
	EndProjectSection
EndProject
Project("{8BC9CEB8-8B4A-11D0-8D11-00A0C91BC942}") = "ClpExamplesTestQP", "ClpExamplesTestQP\ClpExamplesTestQP.vcproj", "{E7EA8BD6-D2AA-40F0-9F0E-42A339DCF613}"
	ProjectSection(ProjectDependencies) = postProject
		{2022D92D-229B-4F4F-A2DC-E482113D6013} = {2022D92D-229B-4F4F-A2DC-E482113D6013}
		{EFC5E42E-0FEF-49F6-824F-D7201E9FED6E} = {EFC5E42E-0FEF-49F6-824F-D7201E9FED6E}
	EndProjectSection
EndProject
Project("{8BC9CEB8-8B4A-11D0-8D11-00A0C91BC942}") = "clp", "clp\clp.vcproj", "{CD437E4C-EFA6-4B6E-8FCA-AFDDFF829A75}"
	ProjectSection(ProjectDependencies) = postProject
		{2022D92D-229B-4F4F-A2DC-E482113D6013} = {2022D92D-229B-4F4F-A2DC-E482113D6013}
		{EFC5E42E-0FEF-49F6-824F-D7201E9FED6E} = {EFC5E42E-0FEF-49F6-824F-D7201E9FED6E}
	EndProjectSection
EndProject
Project("{8BC9CEB8-8B4A-11D0-8D11-00A0C91BC942}") = "libClp", "libClp\libClp.vcproj", "{2022D92D-229B-4F4F-A2DC-E482113D6013}"
EndProject
Project("{8BC9CEB8-8B4A-11D0-8D11-00A0C91BC942}") = "libCoinUtils", "..\CoinUtils\libCoinUtils\libCoinUtils.vcproj", "{EFC5E42E-0FEF-49F6-824F-D7201E9FED6E}"
EndProject
Project("{8BC9CEB8-8B4A-11D0-8D11-00A0C91BC942}") = "unitTestCoinUtils", "..\CoinUtils\unitTestCoinUtils\unitTestCoinUtils.vcproj", "{FDE1A08C-578B-4DFF-A145-84ACEC8EA2A6}"
	ProjectSection(ProjectDependencies) = postProject
		{EFC5E42E-0FEF-49F6-824F-D7201E9FED6E} = {EFC5E42E-0FEF-49F6-824F-D7201E9FED6E}
	EndProjectSection
EndProject
Global
	GlobalSection(SolutionConfigurationPlatforms) = preSolution
		Debug|Win32 = Debug|Win32
		Release|Win32 = Release|Win32
	EndGlobalSection
	GlobalSection(ProjectConfigurationPlatforms) = postSolution
		{C23C220A-5EF9-4C87-93E9-31472E684D6A}.Debug|Win32.ActiveCfg = Debug|Win32
		{C23C220A-5EF9-4C87-93E9-31472E684D6A}.Debug|Win32.Build.0 = Debug|Win32
		{C23C220A-5EF9-4C87-93E9-31472E684D6A}.Release|Win32.ActiveCfg = Release|Win32
		{C23C220A-5EF9-4C87-93E9-31472E684D6A}.Release|Win32.Build.0 = Release|Win32
		{F6DD73C8-6714-414E-9A98-D51F6D6AD9B4}.Debug|Win32.ActiveCfg = Debug|Win32
		{F6DD73C8-6714-414E-9A98-D51F6D6AD9B4}.Debug|Win32.Build.0 = Debug|Win32
		{F6DD73C8-6714-414E-9A98-D51F6D6AD9B4}.Release|Win32.ActiveCfg = Release|Win32
		{F6DD73C8-6714-414E-9A98-D51F6D6AD9B4}.Release|Win32.Build.0 = Release|Win32
		{E7EA8BD6-D2AA-40F0-9F0E-42A339DCF613}.Debug|Win32.ActiveCfg = Debug|Win32
		{E7EA8BD6-D2AA-40F0-9F0E-42A339DCF613}.Debug|Win32.Build.0 = Debug|Win32
		{E7EA8BD6-D2AA-40F0-9F0E-42A339DCF613}.Release|Win32.ActiveCfg = Release|Win32
		{E7EA8BD6-D2AA-40F0-9F0E-42A339DCF613}.Release|Win32.Build.0 = Release|Win32
		{CD437E4C-EFA6-4B6E-8FCA-AFDDFF829A75}.Debug|Win32.ActiveCfg = Debug|Win32
		{CD437E4C-EFA6-4B6E-8FCA-AFDDFF829A75}.Debug|Win32.Build.0 = Debug|Win32
		{CD437E4C-EFA6-4B6E-8FCA-AFDDFF829A75}.Release|Win32.ActiveCfg = Release|Win32
		{CD437E4C-EFA6-4B6E-8FCA-AFDDFF829A75}.Release|Win32.Build.0 = Release|Win32
		{2022D92D-229B-4F4F-A2DC-E482113D6013}.Debug|Win32.ActiveCfg = Debug|Win32
		{2022D92D-229B-4F4F-A2DC-E482113D6013}.Debug|Win32.Build.0 = Debug|Win32
		{2022D92D-229B-4F4F-A2DC-E482113D6013}.Release|Win32.ActiveCfg = Release|Win32
		{2022D92D-229B-4F4F-A2DC-E482113D6013}.Release|Win32.Build.0 = Release|Win32
		{EFC5E42E-0FEF-49F6-824F-D7201E9FED6E}.Debug|Win32.ActiveCfg = Debug|Win32
		{EFC5E42E-0FEF-49F6-824F-D7201E9FED6E}.Debug|Win32.Build.0 = Debug|Win32
		{EFC5E42E-0FEF-49F6-824F-D7201E9FED6E}.Release|Win32.ActiveCfg = Release|Win32
		{EFC5E42E-0FEF-49F6-824F-D7201E9FED6E}.Release|Win32.Build.0 = Release|Win32
		{FDE1A08C-578B-4DFF-A145-84ACEC8EA2A6}.Debug|Win32.ActiveCfg = Debug|Win32
		{FDE1A08C-578B-4DFF-A145-84ACEC8EA2A6}.Debug|Win32.Build.0 = Debug|Win32
		{FDE1A08C-578B-4DFF-A145-84ACEC8EA2A6}.Release|Win32.ActiveCfg = Release|Win32
		{FDE1A08C-578B-4DFF-A145-84ACEC8EA2A6}.Release|Win32.Build.0 = Release|Win32
	EndGlobalSection
	GlobalSection(SolutionProperties) = preSolution
		HideSolutionNode = FALSE
	EndGlobalSection
EndGlobal
